Microsoft Visual Studio Solution File, Format Version 12.00
# Visual Studio 15
VisualStudioVersion = 15.0.28307.106
MinimumVisualStudioVersion = 10.0.40219.1
Project("{9A19103F-16F7-4668-BE54-9A1E7A4F7556}") = "A24007_PCTP_21_2_25", "A24007_PCTP_21_2_25.csproj", "{A5410269-3B6C-0962-76AF-CFA804B4B90C}"
EndProject
Global
    GlobalSection(SolutionConfigurationPlatforms) = preSolution
        Debug|Any CPU = Debug|Any CPU
        Release|Any CPU = Release|Any CPU
    EndGlobalSection
    GlobalSection(ProjectConfigurationPlatforms) = postSolution
        {A5410269-3B6C-0962-76AF-CFA804B4B90C}.Debug|Any CPU.ActiveCfg = Debug|Any CPU
        {A5410269-3B6C-0962-76AF-CFA804B4B90C}.Debug|Any CPU.Build.0 = Debug|Any CPU
        {A5410269-3B6C-0962-76AF-CFA804B4B90C}.Release|Any CPU.ActiveCfg = Release|Any CPU
        {A5410269-3B6C-0962-76AF-CFA804B4B90C}.Release|Any CPU.Build.0 = Release|Any CPU
    EndGlobalSection
    GlobalSection(SolutionProperties) = preSolution
        HideSolutionNode = FALSE
    EndGlobalSection
EndGlobal
